<?xml version="1.0" encoding="utf-8"?>
<Project ToolsVersion="4.0" xmlns="http://schemas.microsoft.com/developer/msbuild/2003">
  <ItemGroup>
    <Filter Include="Source Files">
      <UniqueIdentifier>{4FC737F1-C7A5-4376-A066-2A32D752A2FF}</UniqueIdentifier>
      <Extensions>cpp;c;cc;cxx;c++;cppm;ixx;def;odl;idl;hpj;bat;asm;asmx</Extensions>
    </Filter>
    <Filter Include="Header Files">
      <UniqueIdentifier>{93995380-89BD-4b04-88EB-625FBE52EBFB}</UniqueIdentifier>
      <Extensions>h;hh;hpp;hxx;h++;hm;inl;inc;ipp;xsd</Extensions>
    </Filter>
    <Filter Include="Resource Files">
      <UniqueIdentifier>{67DA6AB6-F800-4c08-8B7A-83BB121AAD01}</UniqueIdentifier>
      <Extensions>rc;ico;cur;bmp;dlg;rc2;rct;bin;rgs;gif;jpg;jpeg;jpe;resx;tiff;tif;png;wav;mfcribbon-ms</Extensions>
    </Filter>
  </ItemGroup>
  <ItemGroup>
    <ClInclude Include="evo\thirdparty\imconfig.h">
      <Filter>Header Files</Filter>
    </ClInclude>
    <ClInclude Include="evo\thirdparty\imgui.h">
      <Filter>Header Files</Filter>
    </ClInclude>
    <ClInclude Include="evo\thirdparty\imgui_impl_dx9.h">
      <Filter>Header Files</Filter>
    </ClInclude>
    <ClInclude Include="evo\thirdparty\imgui_impl_win32.h">
      <Filter>Header Files</Filter>
    </ClInclude>
    <ClInclude Include="evo\thirdparty\imgui_internal.h">
      <Filter>Header Files</Filter>
    </ClInclude>
    <ClInclude Include="evo\thirdparty\imstb_rectpack.h">
      <Filter>Header Files</Filter>
    </ClInclude>
    <ClInclude Include="evo\thirdparty\imstb_textedit.h">
      <Filter>Header Files</Filter>
    </ClInclude>
    <ClInclude Include="evo\thirdparty\imstb_truetype.h">
      <Filter>Header Files</Filter>
    </ClInclude>
    <ClInclude Include="evo\inc.hpp">
      <Filter>Header Files</Filter>
    </ClInclude>
    <ClInclude Include="evo\framework\framework.hpp">
      <Filter>Header Files</Filter>
    </ClInclude>
    <ClInclude Include="evo\thirdparty\bytes.hpp">
      <Filter>Header Files</Filter>
    </ClInclude>
    <ClInclude Include="evo\thirdparty\custom.hpp">
      <Filter>Header Files</Filter>
    </ClInclude>
    <ClInclude Include="evo\thirdparty\imgui_impl_dx11.h">
      <Filter>Header Files</Filter>
    </ClInclude>
    <ClInclude Include="evo\sdk\process_manager\process_manager.hpp">
      <Filter>Header Files</Filter>
    </ClInclude>
    <ClInclude Include="evo\sdk\offsets\offsets.hpp">
      <Filter>Header Files</Filter>
    </ClInclude>
    <ClInclude Include="evo\core\ctx\ctx.hpp">
      <Filter>Header Files</Filter>
    </ClInclude>
    <ClInclude Include="evo\sdk\math\color_t.hpp">
      <Filter>Header Files</Filter>
    </ClInclude>
    <ClInclude Include="evo\sdk\math\rect_t.hpp">
      <Filter>Header Files</Filter>
    </ClInclude>
    <ClInclude Include="evo\sdk\math\str_t.hpp">
      <Filter>Header Files</Filter>
    </ClInclude>
    <ClInclude Include="evo\sdk\math\vec2_t.hpp">
      <Filter>Header Files</Filter>
    </ClInclude>
    <ClInclude Include="evo\sdk\classes\entity.hpp">
      <Filter>Header Files</Filter>
    </ClInclude>
    <ClInclude Include="evo\sdk\memory\mem.hpp">
      <Filter>Header Files</Filter>
    </ClInclude>
  </ItemGroup>
  <ItemGroup>
    <ClCompile Include="evo\thirdparty\imgui.cpp">
      <Filter>Source Files</Filter>
    </ClCompile>
    <ClCompile Include="evo\thirdparty\imgui_demo.cpp">
      <Filter>Source Files</Filter>
    </ClCompile>
    <ClCompile Include="evo\thirdparty\imgui_draw.cpp">
      <Filter>Source Files</Filter>
    </ClCompile>
    <ClCompile Include="evo\thirdparty\imgui_impl_dx9.cpp">
      <Filter>Source Files</Filter>
    </ClCompile>
    <ClCompile Include="evo\thirdparty\imgui_impl_win32.cpp">
      <Filter>Source Files</Filter>
    </ClCompile>
    <ClCompile Include="evo\thirdparty\imgui_tables.cpp">
      <Filter>Source Files</Filter>
    </ClCompile>
    <ClCompile Include="evo\thirdparty\imgui_widgets.cpp">
      <Filter>Source Files</Filter>
    </ClCompile>
    <ClCompile Include="evo\core\core.cpp">
      <Filter>Source Files</Filter>
    </ClCompile>
    <ClCompile Include="evo\thirdparty\custom.cpp">
      <Filter>Source Files</Filter>
    </ClCompile>
    <ClCompile Include="evo\framework\framework.cpp">
      <Filter>Source Files</Filter>
    </ClCompile>
    <ClCompile Include="evo\thirdparty\imgui_impl_dx11.cpp">
      <Filter>Source Files</Filter>
    </ClCompile>
    <ClCompile Include="evo\sdk\process_manager\process_manager.cpp">
      <Filter>Source Files</Filter>
    </ClCompile>
    <ClCompile Include="evo\core\ctx\ctx.cpp">
      <Filter>Source Files</Filter>
    </ClCompile>
  </ItemGroup>
</Project>